// !$*UTF8*$!
{
	archiveVersion = 1;
	classes = {
	};
	objectVersion = 50;
	objects = {

/* Begin PBXBuildFile section */
		75445BAD24E6E27D00319A27 /* AppDelegate.m in Sources */ = {isa = PBXBuildFile; fileRef = 75445BAC24E6E27D00319A27 /* AppDelegate.m */; };
		75445BB024E6E27D00319A27 /* SceneDelegate.m in Sources */ = {isa = PBXBuildFile; fileRef = 75445BAF24E6E27D00319A27 /* SceneDelegate.m */; };
		75445BB624E6E27D00319A27 /* Main.storyboard in Resources */ = {isa = PBXBuildFile; fileRef = 75445BB424E6E27D00319A27 /* Main.storyboard */; };
		75445BB824E6E27E00319A27 /* Assets.xcassets in Resources */ = {isa = PBXBuildFile; fileRef = 75445BB724E6E27E00319A27 /* Assets.xcassets */; };
		75445BBB24E6E27E00319A27 /* LaunchScreen.storyboard in Resources */ = {isa = PBXBuildFile; fileRef = 75445BB924E6E27E00319A27 /* LaunchScreen.storyboard */; };
		75445BBE24E6E27E00319A27 /* main.m in Sources */ = {isa = PBXBuildFile; fileRef = 75445BBD24E6E27E00319A27 /* main.m */; };
		75445BCC24E6E34D00319A27 /* CBSMovie.m in Sources */ = {isa = PBXBuildFile; fileRef = 75445BCB24E6E34D00319A27 /* CBSMovie.m */; };
		75445BCF24E6E60700319A27 /* CBSImageURL.m in Sources */ = {isa = PBXBuildFile; fileRef = 75445BCE24E6E60700319A27 /* CBSImageURL.m */; };
		75445BD224E6E98C00319A27 /* CBSMovieController.m in Sources */ = {isa = PBXBuildFile; fileRef = 75445BD124E6E98C00319A27 /* CBSMovieController.m */; };
		75445BDB24E6F5BD00319A27 /* MovieTableViewController.swift in Sources */ = {isa = PBXBuildFile; fileRef = 75445BDA24E6F5BD00319A27 /* MovieTableViewController.swift */; };
		75445BDD24E6F5CF00319A27 /* MovieTableViewCell.swift in Sources */ = {isa = PBXBuildFile; fileRef = 75445BDC24E6F5CF00319A27 /* MovieTableViewCell.swift */; };
/* End PBXBuildFile section */

/* Begin PBXFileReference section */
		75445BA824E6E27D00319A27 /* TMDBAssessment4.app */ = {isa = PBXFileReference; explicitFileType = wrapper.application; includeInIndex = 0; path = TMDBAssessment4.app; sourceTree = BUILT_PRODUCTS_DIR; };
		75445BAB24E6E27D00319A27 /* AppDelegate.h */ = {isa = PBXFileReference; lastKnownFileType = sourcecode.c.h; path = AppDelegate.h; sourceTree = "<group>"; };
		75445BAC24E6E27D00319A27 /* AppDelegate.m */ = {isa = PBXFileReference; lastKnownFileType = sourcecode.c.objc; path = AppDelegate.m; sourceTree = "<group>"; };
		75445BAE24E6E27D00319A27 /* SceneDelegate.h */ = {isa = PBXFileReference; lastKnownFileType = sourcecode.c.h; path = SceneDelegate.h; sourceTree = "<group>"; };
		75445BAF24E6E27D00319A27 /* SceneDelegate.m */ = {isa = PBXFileReference; lastKnownFileType = sourcecode.c.objc; path = SceneDelegate.m; sourceTree = "<group>"; };
		75445BB524E6E27D00319A27 /* Base */ = {isa = PBXFileReference; lastKnownFileType = file.storyboard; name = Base; path = Base.lproj/Main.storyboard; sourceTree = "<group>"; };
		75445BB724E6E27E00319A27 /* Assets.xcassets */ = {isa = PBXFileReference; lastKnownFileType = folder.assetcatalog; path = Assets.xcassets; sourceTree = "<group>"; };
		75445BBA24E6E27E00319A27 /* Base */ = {isa = PBXFileReference; lastKnownFileType = file.storyboard; name = Base; path = Base.lproj/LaunchScreen.storyboard; sourceTree = "<group>"; };
		75445BBC24E6E27E00319A27 /* Info.plist */ = {isa = PBXFileReference; lastKnownFileType = text.plist.xml; path = Info.plist; sourceTree = "<group>"; };
		75445BBD24E6E27E00319A27 /* main.m */ = {isa = PBXFileReference; lastKnownFileType = sourcecode.c.objc; path = main.m; sourceTree = "<group>"; };
		75445BCA24E6E34D00319A27 /* CBSMovie.h */ = {isa = PBXFileReference; lastKnownFileType = sourcecode.c.h; path = CBSMovie.h; sourceTree = "<group>"; };
		75445BCB24E6E34D00319A27 /* CBSMovie.m */ = {isa = PBXFileReference; lastKnownFileType = sourcecode.c.objc; path = CBSMovie.m; sourceTree = "<group>"; };
		75445BCD24E6E60700319A27 /* CBSImageURL.h */ = {isa = PBXFileReference; lastKnownFileType = sourcecode.c.h; path = CBSImageURL.h; sourceTree = "<group>"; };
		75445BCE24E6E60700319A27 /* CBSImageURL.m */ = {isa = PBXFileReference; lastKnownFileType = sourcecode.c.objc; path = CBSImageURL.m; sourceTree = "<group>"; };
		75445BD024E6E98C00319A27 /* CBSMovieController.h */ = {isa = PBXFileReference; lastKnownFileType = sourcecode.c.h; path = CBSMovieController.h; sourceTree = "<group>"; };
		75445BD124E6E98C00319A27 /* CBSMovieController.m */ = {isa = PBXFileReference; lastKnownFileType = sourcecode.c.objc; path = CBSMovieController.m; sourceTree = "<group>"; };
		75445BD924E6F5BC00319A27 /* TMDBAssessment4-Bridging-Header.h */ = {isa = PBXFileReference; lastKnownFileType = sourcecode.c.h; path = "TMDBAssessment4-Bridging-Header.h"; sourceTree = "<group>"; };
		75445BDA24E6F5BD00319A27 /* MovieTableViewController.swift */ = {isa = PBXFileReference; lastKnownFileType = sourcecode.swift; path = MovieTableViewController.swift; sourceTree = "<group>"; };
		75445BDC24E6F5CF00319A27 /* MovieTableViewCell.swift */ = {isa = PBXFileReference; lastKnownFileType = sourcecode.swift; path = MovieTableViewCell.swift; sourceTree = "<group>"; };
/* End PBXFileReference section */

/* Begin PBXFrameworksBuildPhase section */
		75445BA524E6E27D00319A27 /* Frameworks */ = {
			isa = PBXFrameworksBuildPhase;
			buildActionMask = 2147483647;
			files = (
			);
			runOnlyForDeploymentPostprocessing = 0;
		};
/* End PBXFrameworksBuildPhase section */

/* Begin PBXGroup section */
		75445B9F24E6E27D00319A27 = {
			isa = PBXGroup;
			children = (
				75445BAA24E6E27D00319A27 /* TMDBAssessment4 */,
				75445BA924E6E27D00319A27 /* Products */,
			);
			sourceTree = "<group>";
		};
		75445BA924E6E27D00319A27 /* Products */ = {
			isa = PBXGroup;
			children = (
				75445BA824E6E27D00319A27 /* TMDBAssessment4.app */,
			);
			name = Products;
			sourceTree = "<group>";
		};
		75445BAA24E6E27D00319A27 /* TMDBAssessment4 */ = {
			isa = PBXGroup;
			children = (
				75445BC924E6E32000319A27 /* CustomCells */,
				75445BC824E6E31B00319A27 /* Model */,
				75445BC524E6E30900319A27 /* Controllers */,
				75445BC424E6E2DF00319A27 /* Resources */,
				75445BB424E6E27D00319A27 /* Main.storyboard */,
			);
			path = TMDBAssessment4;
			sourceTree = "<group>";
		};
		75445BC424E6E2DF00319A27 /* Resources */ = {
			isa = PBXGroup;
			children = (
				75445BAB24E6E27D00319A27 /* AppDelegate.h */,
				75445BAC24E6E27D00319A27 /* AppDelegate.m */,
				75445BAE24E6E27D00319A27 /* SceneDelegate.h */,
				75445BAF24E6E27D00319A27 /* SceneDelegate.m */,
				75445BB724E6E27E00319A27 /* Assets.xcassets */,
				75445BB924E6E27E00319A27 /* LaunchScreen.storyboard */,
				75445BBC24E6E27E00319A27 /* Info.plist */,
				75445BBD24E6E27E00319A27 /* main.m */,
			);
			path = Resources;
			sourceTree = "<group>";
		};
		75445BC524E6E30900319A27 /* Controllers */ = {
			isa = PBXGroup;
			children = (
				75445BC724E6E31300319A27 /* ModelControllers */,
				75445BC624E6E30F00319A27 /* ViewControllers */,
			);
			path = Controllers;
			sourceTree = "<group>";
		};
		75445BC624E6E30F00319A27 /* ViewControllers */ = {
			isa = PBXGroup;
			children = (
				75445BDA24E6F5BD00319A27 /* MovieTableViewController.swift */,
				75445BD924E6F5BC00319A27 /* TMDBAssessment4-Bridging-Header.h */,
			);
			path = ViewControllers;
			sourceTree = "<group>";
		};
		75445BC724E6E31300319A27 /* ModelControllers */ = {
			isa = PBXGroup;
			children = (
				75445BD024E6E98C00319A27 /* CBSMovieController.h */,
				75445BD124E6E98C00319A27 /* CBSMovieController.m */,
			);
			path = ModelControllers;
			sourceTree = "<group>";
		};
		75445BC824E6E31B00319A27 /* Model */ = {
			isa = PBXGroup;
			children = (
				75445BCA24E6E34D00319A27 /* CBSMovie.h */,
				75445BCB24E6E34D00319A27 /* CBSMovie.m */,
				75445BCD24E6E60700319A27 /* CBSImageURL.h */,
				75445BCE24E6E60700319A27 /* CBSImageURL.m */,
			);
			path = Model;
			sourceTree = "<group>";
		};
		75445BC924E6E32000319A27 /* CustomCells */ = {
			isa = PBXGroup;
			children = (
				75445BDC24E6F5CF00319A27 /* MovieTableViewCell.swift */,
			);
			path = CustomCells;
			sourceTree = "<group>";
		};
/* End PBXGroup section */

/* Begin PBXNativeTarget section */
		75445BA724E6E27D00319A27 /* TMDBAssessment4 */ = {
			isa = PBXNativeTarget;
			buildConfigurationList = 75445BC124E6E27E00319A27 /* Build configuration list for PBXNativeTarget "TMDBAssessment4" */;
			buildPhases = (
				75445BA424E6E27D00319A27 /* Sources */,
				75445BA524E6E27D00319A27 /* Frameworks */,
				75445BA624E6E27D00319A27 /* Resources */,
			);
			buildRules = (
			);
			dependencies = (
			);
			name = TMDBAssessment4;
			productName = TMDBAssessment4;
			productReference = 75445BA824E6E27D00319A27 /* TMDBAssessment4.app */;
			productType = "com.apple.product-type.application";
		};
/* End PBXNativeTarget section */

/* Begin PBXProject section */
		75445BA024E6E27D00319A27 /* Project object */ = {
			isa = PBXProject;
			attributes = {
				CLASSPREFIX = CBS;
				LastUpgradeCheck = 1160;
				ORGANIZATIONNAME = "Colton Swapp";
				TargetAttributes = {
					75445BA724E6E27D00319A27 = {
						CreatedOnToolsVersion = 11.6;
						LastSwiftMigration = 1160;
					};
				};
			};
			buildConfigurationList = 75445BA324E6E27D00319A27 /* Build configuration list for PBXProject "TMDBAssessment4" */;
			compatibilityVersion = "Xcode 9.3";
			developmentRegion = en;
			hasScannedForEncodings = 0;
			knownRegions = (
				en,
				Base,
			);
			mainGroup = 75445B9F24E6E27D00319A27;
			productRefGroup = 75445BA924E6E27D00319A27 /* Products */;
			projectDirPath = "";
			projectRoot = "";
			targets = (
				75445BA724E6E27D00319A27 /* TMDBAssessment4 */,
			);
		};
/* End PBXProject section */

/* Begin PBXResourcesBuildPhase section */
		75445BA624E6E27D00319A27 /* Resources */ = {
			isa = PBXResourcesBuildPhase;
			buildActionMask = 2147483647;
			files = (
				75445BBB24E6E27E00319A27 /* LaunchScreen.storyboard in Resources */,
				75445BB824E6E27E00319A27 /* Assets.xcassets in Resources */,
				75445BB624E6E27D00319A27 /* Main.storyboard in Resources */,
			);
			runOnlyForDeploymentPostprocessing = 0;
		};
/* End PBXResourcesBuildPhase section */

/* Begin PBXSourcesBuildPhase section */
		75445BA424E6E27D00319A27 /* Sources */ = {
			isa = PBXSourcesBuildPhase;
			buildActionMask = 2147483647;
			files = (
				75445BDB24E6F5BD00319A27 /* MovieTableViewController.swift in Sources */,
				75445BAD24E6E27D00319A27 /* AppDelegate.m in Sources */,
				75445BCC24E6E34D00319A27 /* CBSMovie.m in Sources */,
				75445BBE24E6E27E00319A27 /* main.m in Sources */,
				75445BB024E6E27D00319A27 /* SceneDelegate.m in Sources */,
				75445BCF24E6E60700319A27 /* CBSImageURL.m in Sources */,
				75445BDD24E6F5CF00319A27 /* MovieTableViewCell.swift in Sources */,
				75445BD224E6E98C00319A27 /* CBSMovieController.m in Sources */,
			);
			runOnlyForDeploymentPostprocessing = 0;
		};
/* End PBXSourcesBuildPhase section */

/* Begin PBXVariantGroup section */
		75445BB424E6E27D00319A27 /* Main.storyboard */ = {
			isa = PBXVariantGroup;
			children = (
				75445BB524E6E27D00319A27 /* Base */,
			);
			name = Main.storyboard;
			sourceTree = "<group>";
		};
		75445BB924E6E27E00319A27 /* LaunchScreen.storyboard */ = {
			isa = PBXVariantGroup;
			children = (
				75445BBA24E6E27E00319A27 /* Base */,
			);
			name = LaunchScreen.storyboard;
			sourceTree = "<group>";
		};
/* End PBXVariantGroup section */

/* Begin XCBuildConfiguration section */
		75445BBF24E6E27E00319A27 /* Debug */ = {
			isa = XCBuildConfiguration;
			buildSettings = {
				ALWAYS_SEARCH_USER_PATHS = NO;
				CLANG_ANALYZER_NONNULL = YES;
				CLANG_ANALYZER_NUMBER_OBJECT_CONVERSION = YES_AGGRESSIVE;
				CLANG_CXX_LANGUAGE_STANDARD = "gnu++14";
				CLANG_CXX_LIBRARY = "libc++";
				CLANG_ENABLE_MODULES = YES;
				CLANG_ENABLE_OBJC_ARC = YES;
				CLANG_ENABLE_OBJC_WEAK = YES;
				CLANG_WARN_BLOCK_CAPTURE_AUTORELEASING = YES;
				CLANG_WARN_BOOL_CONVERSION = YES;
				CLANG_WARN_COMMA = YES;
				CLANG_WARN_CONSTANT_CONVERSION = YES;
				CLANG_WARN_DEPRECATED_OBJC_IMPLEMENTATIONS = YES;
				CLANG_WARN_DIRECT_OBJC_ISA_USAGE = YES_ERROR;
				CLANG_WARN_DOCUMENTATION_COMMENTS = YES;
				CLANG_WARN_EMPTY_BODY = YES;
				CLANG_WARN_ENUM_CONVERSION = YES;
				CLANG_WARN_INFINITE_RECURSION = YES;
				CLANG_WARN_INT_CONVERSION = YES;
				CLANG_WARN_NON_LITERAL_NULL_CONVERSION = YES;
				CLANG_WARN_OBJC_IMPLICIT_RETAIN_SELF = YES;
				CLANG_WARN_OBJC_LITERAL_CONVERSION = YES;
				CLANG_WARN_OBJC_ROOT_CLASS = YES_ERROR;
				CLANG_WARN_RANGE_LOOP_ANALYSIS = YES;
				CLANG_WARN_STRICT_PROTOTYPES = YES;
				CLANG_WARN_SUSPICIOUS_MOVE = YES;
				CLANG_WARN_UNGUARDED_AVAILABILITY = YES_AGGRESSIVE;
				CLANG_WARN_UNREACHABLE_CODE = YES;
				CLANG_WARN__DUPLICATE_METHOD_MATCH = YES;
				COPY_PHASE_STRIP = NO;
				DEBUG_INFORMATION_FORMAT = dwarf;
				ENABLE_STRICT_OBJC_MSGSEND = YES;
				ENABLE_TESTABILITY = YES;
				GCC_C_LANGUAGE_STANDARD = gnu11;
				GCC_DYNAMIC_NO_PIC = NO;
				GCC_NO_COMMON_BLOCKS = YES;
				GCC_OPTIMIZATION_LEVEL = 0;
				GCC_PREPROCESSOR_DEFINITIONS = (
					"DEBUG=1",
					"$(inherited)",
				);
				GCC_WARN_64_TO_32_BIT_CONVERSION = YES;
				GCC_WARN_ABOUT_RETURN_TYPE = YES_ERROR;
				GCC_WARN_UNDECLARED_SELECTOR = YES;
				GCC_WARN_UNINITIALIZED_AUTOS = YES_AGGRESSIVE;
				GCC_WARN_UNUSED_FUNCTION = YES;
				GCC_WARN_UNUSED_VARIABLE = YES;
				IPHONEOS_DEPLOYMENT_TARGET = 13.6;
				MTL_ENABLE_DEBUG_INFO = INCLUDE_SOURCE;
				MTL_FAST_MATH = YES;
				ONLY_ACTIVE_ARCH = YES;
				SDKROOT = iphoneos;
			};
			name = Debug;
		};
		75445BC024E6E27E00319A27 /* Release */ = {
			isa = XCBuildConfiguration;
			buildSettings = {
				ALWAYS_SEARCH_USER_PATHS = NO;
				CLANG_ANALYZER_NONNULL = YES;
				CLANG_ANALYZER_NUMBER_OBJECT_CONVERSION = YES_AGGRESSIVE;
				CLANG_CXX_LANGUAGE_STANDARD = "gnu++14";
				CLANG_CXX_LIBRARY = "libc++";
				CLANG_ENABLE_MODULES = YES;
				CLANG_ENABLE_OBJC_ARC = YES;
				CLANG_ENABLE_OBJC_WEAK = YES;
				CLANG_WARN_BLOCK_CAPTURE_AUTORELEASING = YES;
				CLANG_WARN_BOOL_CONVERSION = YES;
				CLANG_WARN_COMMA = YES;
				CLANG_WARN_CONSTANT_CONVERSION = YES;
				CLANG_WARN_DEPRECATED_OBJC_IMPLEMENTATIONS = YES;
				CLANG_WARN_DIRECT_OBJC_ISA_USAGE = YES_ERROR;
				CLANG_WARN_DOCUMENTATION_COMMENTS = YES;
				CLANG_WARN_EMPTY_BODY = YES;
				CLANG_WARN_ENUM_CONVERSION = YES;
				CLANG_WARN_INFINITE_RECURSION = YES;
				CLANG_WARN_INT_CONVERSION = YES;
				CLANG_WARN_NON_LITERAL_NULL_CONVERSION = YES;
				CLANG_WARN_OBJC_IMPLICIT_RETAIN_SELF = YES;
				CLANG_WARN_OBJC_LITERAL_CONVERSION = YES;
				CLANG_WARN_OBJC_ROOT_CLASS = YES_ERROR;
				CLANG_WARN_RANGE_LOOP_ANALYSIS = YES;
				CLANG_WARN_STRICT_PROTOTYPES = YES;
				CLANG_WARN_SUSPICIOUS_MOVE = YES;
				CLANG_WARN_UNGUARDED_AVAILABILITY = YES_AGGRESSIVE;
				CLANG_WARN_UNREACHABLE_CODE = YES;
				CLANG_WARN__DUPLICATE_METHOD_MATCH = YES;
				COPY_PHASE_STRIP = NO;
				DEBUG_INFORMATION_FORMAT = "dwarf-with-dsym";
				ENABLE_NS_ASSERTIONS = NO;
				ENABLE_STRICT_OBJC_MSGSEND = YES;
				GCC_C_LANGUAGE_STANDARD = gnu11;
				GCC_NO_COMMON_BLOCKS = YES;
				GCC_WARN_64_TO_32_BIT_CONVERSION = YES;
				GCC_WARN_ABOUT_RETURN_TYPE = YES_ERROR;
				GCC_WARN_UNDECLARED_SELECTOR = YES;
				GCC_WARN_UNINITIALIZED_AUTOS = YES_AGGRESSIVE;
				GCC_WARN_UNUSED_FUNCTION = YES;
				GCC_WARN_UNUSED_VARIABLE = YES;
				IPHONEOS_DEPLOYMENT_TARGET = 13.6;
				MTL_ENABLE_DEBUG_INFO = NO;
				MTL_FAST_MATH = YES;
				SDKROOT = iphoneos;
				VALIDATE_PRODUCT = YES;
			};
			name = Release;
		};
		75445BC224E6E27E00319A27 /* Debug */ = {
			isa = XCBuildConfiguration;
			buildSettings = {
				ASSETCATALOG_COMPILER_APPICON_NAME = AppIcon;
				CLANG_ENABLE_MODULES = YES;
				CODE_SIGN_STYLE = Automatic;
				DEVELOPMENT_TEAM = X89M6X46Y8;
				INFOPLIST_FILE = TMDBAssessment4/Resources/Info.plist;
				LD_RUNPATH_SEARCH_PATHS = (
					"$(inherited)",
					"@executable_path/Frameworks",
				);
				PRODUCT_BUNDLE_IDENTIFIER = com.SwappDev.TMDBAssessment4;
				PRODUCT_NAME = "$(TARGET_NAME)";
				SWIFT_OBJC_BRIDGING_HEADER = "TMDBAssessment4/Controllers/ViewControllers/TMDBAssessment4-Bridging-Header.h";
				SWIFT_OPTIMIZATION_LEVEL = "-Onone";
				SWIFT_VERSION = 5.0;
				TARGETED_DEVICE_FAMILY = "1,2";
			};
			name = Debug;
		};
		75445BC324E6E27E00319A27 /* Release */ = {
			isa = XCBuildConfiguration;
			buildSettings = {
				ASSETCATALOG_COMPILER_APPICON_NAME = AppIcon;
				CLANG_ENABLE_MODULES = YES;
				CODE_SIGN_STYLE = Automatic;
				DEVELOPMENT_TEAM = X89M6X46Y8;
				INFOPLIST_FILE = TMDBAssessment4/Resources/Info.plist;
				LD_RUNPATH_SEARCH_PATHS = (
					"$(inherited)",
					"@executable_path/Frameworks",
				);
				PRODUCT_BUNDLE_IDENTIFIER = com.SwappDev.TMDBAssessment4;
				PRODUCT_NAME = "$(TARGET_NAME)";
				SWIFT_OBJC_BRIDGING_HEADER = "TMDBAssessment4/Controllers/ViewControllers/TMDBAssessment4-Bridging-Header.h";
				SWIFT_VERSION = 5.0;
				TARGETED_DEVICE_FAMILY = "1,2";
			};
			name = Release;
		};
/* End XCBuildConfiguration section */

/* Begin XCConfigurationList section */
		75445BA324E6E27D00319A27 /* Build configuration list for PBXProject "TMDBAssessment4" */ = {
			isa = XCConfigurationList;
			buildConfigurations = (
				75445BBF24E6E27E00319A27 /* Debug */,
				75445BC024E6E27E00319A27 /* Release */,
			);
			defaultConfigurationIsVisible = 0;
			defaultConfigurationName = Release;
		};
		75445BC124E6E27E00319A27 /* Build configuration list for PBXNativeTarget "TMDBAssessment4" */ = {
			isa = XCConfigurationList;
			buildConfigurations = (
				75445BC224E6E27E00319A27 /* Debug */,
				75445BC324E6E27E00319A27 /* Release */,
			);
			defaultConfigurationIsVisible = 0;
			defaultConfigurationName = Release;
		};
/* End XCConfigurationList section */
	};
	rootObject = 75445BA024E6E27D00319A27 /* Project object */;
}
